{
  "name": "mendeleev_23",
  "version": "1.0.0",
  "lockfileVersion": 1,
  "requires": true,
  "dependencies": {
    "mendeleev": {
      "version": "1.2.2",
      "resolved": "https://registry.npmjs.org/mendeleev/-/mendeleev-1.2.2.tgz",
      "integrity": "sha1-mJUitY5Owo+aPzqT+hCC7AHnJE8="
    }
  }
}
